// !$*UTF8*$!
{
	archiveVersion = 1;
	classes = {
	};
	objectVersion = 48;
	objects = {

/* Begin PBXBuildFile section */
		9B3D5AB420287A6A005E838B /* main.swift in Sources */ = {isa = PBXBuildFile; fileRef = 9B3D5AB320287A6A005E838B /* main.swift */; };
		9B3D5ABC20287A95005E838B /* user.swift in Sources */ = {isa = PBXBuildFile; fileRef = 9B3D5ABB20287A95005E838B /* user.swift */; };
		9B3D5ABE20287AB2005E838B /* customer.swift in Sources */ = {isa = PBXBuildFile; fileRef = 9B3D5ABD20287AB2005E838B /* customer.swift */; };
		9B3D5AC020287AC3005E838B /* order details.swift in Sources */ = {isa = PBXBuildFile; fileRef = 9B3D5ABF20287AC3005E838B /* order details.swift */; };
		9B3D5AC220287AD2005E838B /* shopping cart.swift in Sources */ = {isa = PBXBuildFile; fileRef = 9B3D5AC120287AD2005E838B /* shopping cart.swift */; };
		9B3D5AC420287AE1005E838B /* shipping info.swift in Sources */ = {isa = PBXBuildFile; fileRef = 9B3D5AC320287AE1005E838B /* shipping info.swift */; };
		9B3D5AC620287AF9005E838B /* orders.swift in Sources */ = {isa = PBXBuildFile; fileRef = 9B3D5AC520287AF9005E838B /* orders.swift */; };
		9B3D5AC820287B0A005E838B /* administrator.swift in Sources */ = {isa = PBXBuildFile; fileRef = 9B3D5AC720287B0A005E838B /* administrator.swift */; };
/* End PBXBuildFile section */

/* Begin PBXCopyFilesBuildPhase section */
		9B3D5AAE20287A6A005E838B /* CopyFiles */ = {
			isa = PBXCopyFilesBuildPhase;
			buildActionMask = 2147483647;
			dstPath = /usr/share/man/man1/;
			dstSubfolderSpec = 0;
			files = (
			);
			runOnlyForDeploymentPostprocessing = 1;
		};
/* End PBXCopyFilesBuildPhase section */

/* Begin PBXFileReference section */
		9B3D5AB020287A6A005E838B /* term project */ = {isa = PBXFileReference; explicitFileType = "compiled.mach-o.executable"; includeInIndex = 0; path = "term project"; sourceTree = BUILT_PRODUCTS_DIR; };
		9B3D5AB320287A6A005E838B /* main.swift */ = {isa = PBXFileReference; lastKnownFileType = sourcecode.swift; path = main.swift; sourceTree = "<group>"; };
		9B3D5ABB20287A95005E838B /* user.swift */ = {isa = PBXFileReference; lastKnownFileType = sourcecode.swift; path = user.swift; sourceTree = "<group>"; };
		9B3D5ABD20287AB2005E838B /* customer.swift */ = {isa = PBXFileReference; lastKnownFileType = sourcecode.swift; path = customer.swift; sourceTree = "<group>"; };
		9B3D5ABF20287AC3005E838B /* order details.swift */ = {isa = PBXFileReference; lastKnownFileType = sourcecode.swift; path = "order details.swift"; sourceTree = "<group>"; };
		9B3D5AC120287AD2005E838B /* shopping cart.swift */ = {isa = PBXFileReference; lastKnownFileType = sourcecode.swift; path = "shopping cart.swift"; sourceTree = "<group>"; };
		9B3D5AC320287AE1005E838B /* shipping info.swift */ = {isa = PBXFileReference; lastKnownFileType = sourcecode.swift; path = "shipping info.swift"; sourceTree = "<group>"; };
		9B3D5AC520287AF9005E838B /* orders.swift */ = {isa = PBXFileReference; lastKnownFileType = sourcecode.swift; path = orders.swift; sourceTree = "<group>"; };
		9B3D5AC720287B0A005E838B /* administrator.swift */ = {isa = PBXFileReference; lastKnownFileType = sourcecode.swift; path = administrator.swift; sourceTree = "<group>"; };
/* End PBXFileReference section */

/* Begin PBXFrameworksBuildPhase section */
		9B3D5AAD20287A6A005E838B /* Frameworks */ = {
			isa = PBXFrameworksBuildPhase;
			buildActionMask = 2147483647;
			files = (
			);
			runOnlyForDeploymentPostprocessing = 0;
		};
/* End PBXFrameworksBuildPhase section */

/* Begin PBXGroup section */
		9B3D5AA720287A6A005E838B = {
			isa = PBXGroup;
			children = (
				9B3D5AB220287A6A005E838B /* term project */,
				9B3D5AB120287A6A005E838B /* Products */,
			);
			sourceTree = "<group>";
		};
		9B3D5AB120287A6A005E838B /* Products */ = {
			isa = PBXGroup;
			children = (
				9B3D5AB020287A6A005E838B /* term project */,
			);
			name = Products;
			sourceTree = "<group>";
		};
		9B3D5AB220287A6A005E838B /* term project */ = {
			isa = PBXGroup;
			children = (
				9B3D5AB320287A6A005E838B /* main.swift */,
				9B3D5ABB20287A95005E838B /* user.swift */,
				9B3D5ABD20287AB2005E838B /* customer.swift */,
				9B3D5ABF20287AC3005E838B /* order details.swift */,
				9B3D5AC120287AD2005E838B /* shopping cart.swift */,
				9B3D5AC320287AE1005E838B /* shipping info.swift */,
				9B3D5AC520287AF9005E838B /* orders.swift */,
				9B3D5AC720287B0A005E838B /* administrator.swift */,
			);
			path = "term project";
			sourceTree = "<group>";
		};
/* End PBXGroup section */

/* Begin PBXNativeTarget section */
		9B3D5AAF20287A6A005E838B /* term project */ = {
			isa = PBXNativeTarget;
			buildConfigurationList = 9B3D5AB720287A6A005E838B /* Build configuration list for PBXNativeTarget "term project" */;
			buildPhases = (
				9B3D5AAC20287A6A005E838B /* Sources */,
				9B3D5AAD20287A6A005E838B /* Frameworks */,
				9B3D5AAE20287A6A005E838B /* CopyFiles */,
			);
			buildRules = (
			);
			dependencies = (
			);
			name = "term project";
			productName = "term project";
			productReference = 9B3D5AB020287A6A005E838B /* term project */;
			productType = "com.apple.product-type.tool";
		};
/* End PBXNativeTarget section */

/* Begin PBXProject section */
		9B3D5AA820287A6A005E838B /* Project object */ = {
			isa = PBXProject;
			attributes = {
				LastSwiftUpdateCheck = 0920;
				LastUpgradeCheck = 0920;
				ORGANIZATIONNAME = MacStudent;
				TargetAttributes = {
					9B3D5AAF20287A6A005E838B = {
						CreatedOnToolsVersion = 9.2;
						ProvisioningStyle = Automatic;
					};
				};
			};
			buildConfigurationList = 9B3D5AAB20287A6A005E838B /* Build configuration list for PBXProject "term project" */;
			compatibilityVersion = "Xcode 8.0";
			developmentRegion = en;
			hasScannedForEncodings = 0;
			knownRegions = (
				en,
			);
			mainGroup = 9B3D5AA720287A6A005E838B;
			productRefGroup = 9B3D5AB120287A6A005E838B /* Products */;
			projectDirPath = "";
			projectRoot = "";
			targets = (
				9B3D5AAF20287A6A005E838B /* term project */,
			);
		};
/* End PBXProject section */

/* Begin PBXSourcesBuildPhase section */
		9B3D5AAC20287A6A005E838B /* Sources */ = {
			isa = PBXSourcesBuildPhase;
			buildActionMask = 2147483647;
			files = (
				9B3D5AC420287AE1005E838B /* shipping info.swift in Sources */,
				9B3D5AC020287AC3005E838B /* order details.swift in Sources */,
				9B3D5AC620287AF9005E838B /* orders.swift in Sources */,
				9B3D5ABC20287A95005E838B /* user.swift in Sources */,
				9B3D5AB420287A6A005E838B /* main.swift in Sources */,
				9B3D5AC220287AD2005E838B /* shopping cart.swift in Sources */,
				9B3D5ABE20287AB2005E838B /* customer.swift in Sources */,
				9B3D5AC820287B0A005E838B /* administrator.swift in Sources */,
			);
			runOnlyForDeploymentPostprocessing = 0;
		};
/* End PBXSourcesBuildPhase section */

/* Begin XCBuildConfiguration section */
		9B3D5AB520287A6A005E838B /* Debug */ = {
			isa = XCBuildConfiguration;
			buildSettings = {
				ALWAYS_SEARCH_USER_PATHS = NO;
				CLANG_ANALYZER_NONNULL = YES;
				CLANG_ANALYZER_NUMBER_OBJECT_CONVERSION = YES_AGGRESSIVE;
				CLANG_CXX_LANGUAGE_STANDARD = "gnu++14";
				CLANG_CXX_LIBRARY = "libc++";
				CLANG_ENABLE_MODULES = YES;
				CLANG_ENABLE_OBJC_ARC = YES;
				CLANG_WARN_BLOCK_CAPTURE_AUTORELEASING = YES;
				CLANG_WARN_BOOL_CONVERSION = YES;
				CLANG_WARN_COMMA = YES;
				CLANG_WARN_CONSTANT_CONVERSION = YES;
				CLANG_WARN_DIRECT_OBJC_ISA_USAGE = YES_ERROR;
				CLANG_WARN_DOCUMENTATION_COMMENTS = YES;
				CLANG_WARN_EMPTY_BODY = YES;
				CLANG_WARN_ENUM_CONVERSION = YES;
				CLANG_WARN_INFINITE_RECURSION = YES;
				CLANG_WARN_INT_CONVERSION = YES;
				CLANG_WARN_NON_LITERAL_NULL_CONVERSION = YES;
				CLANG_WARN_OBJC_LITERAL_CONVERSION = YES;
				CLANG_WARN_OBJC_ROOT_CLASS = YES_ERROR;
				CLANG_WARN_RANGE_LOOP_ANALYSIS = YES;
				CLANG_WARN_STRICT_PROTOTYPES = YES;
				CLANG_WARN_SUSPICIOUS_MOVE = YES;
				CLANG_WARN_UNGUARDED_AVAILABILITY = YES_AGGRESSIVE;
				CLANG_WARN_UNREACHABLE_CODE = YES;
				CLANG_WARN__DUPLICATE_METHOD_MATCH = YES;
				CODE_SIGN_IDENTITY = "-";
				COPY_PHASE_STRIP = NO;
				DEBUG_INFORMATION_FORMAT = dwarf;
				ENABLE_STRICT_OBJC_MSGSEND = YES;
				ENABLE_TESTABILITY = YES;
				GCC_C_LANGUAGE_STANDARD = gnu11;
				GCC_DYNAMIC_NO_PIC = NO;
				GCC_NO_COMMON_BLOCKS = YES;
				GCC_OPTIMIZATION_LEVEL = 0;
				GCC_PREPROCESSOR_DEFINITIONS = (
					"DEBUG=1",
					"$(inherited)",
				);
				GCC_WARN_64_TO_32_BIT_CONVERSION = YES;
				GCC_WARN_ABOUT_RETURN_TYPE = YES_ERROR;
				GCC_WARN_UNDECLARED_SELECTOR = YES;
				GCC_WARN_UNINITIALIZED_AUTOS = YES_AGGRESSIVE;
				GCC_WARN_UNUSED_FUNCTION = YES;
				GCC_WARN_UNUSED_VARIABLE = YES;
				MACOSX_DEPLOYMENT_TARGET = 10.13;
				MTL_ENABLE_DEBUG_INFO = YES;
				ONLY_ACTIVE_ARCH = YES;
				SDKROOT = macosx;
				SWIFT_ACTIVE_COMPILATION_CONDITIONS = DEBUG;
				SWIFT_OPTIMIZATION_LEVEL = "-Onone";
			};
			name = Debug;
		};
		9B3D5AB620287A6A005E838B /* Release */ = {
			isa = XCBuildConfiguration;
			buildSettings = {
				ALWAYS_SEARCH_USER_PATHS = NO;
				CLANG_ANALYZER_NONNULL = YES;
				CLANG_ANALYZER_NUMBER_OBJECT_CONVERSION = YES_AGGRESSIVE;
				CLANG_CXX_LANGUAGE_STANDARD = "gnu++14";
				CLANG_CXX_LIBRARY = "libc++";
				CLANG_ENABLE_MODULES = YES;
				CLANG_ENABLE_OBJC_ARC = YES;
				CLANG_WARN_BLOCK_CAPTURE_AUTORELEASING = YES;
				CLANG_WARN_BOOL_CONVERSION = YES;
				CLANG_WARN_COMMA = YES;
				CLANG_WARN_CONSTANT_CONVERSION = YES;
				CLANG_WARN_DIRECT_OBJC_ISA_USAGE = YES_ERROR;
				CLANG_WARN_DOCUMENTATION_COMMENTS = YES;
				CLANG_WARN_EMPTY_BODY = YES;
				CLANG_WARN_ENUM_CONVERSION = YES;
				CLANG_WARN_INFINITE_RECURSION = YES;
				CLANG_WARN_INT_CONVERSION = YES;
				CLANG_WARN_NON_LITERAL_NULL_CONVERSION = YES;
				CLANG_WARN_OBJC_LITERAL_CONVERSION = YES;
				CLANG_WARN_OBJC_ROOT_CLASS = YES_ERROR;
				CLANG_WARN_RANGE_LOOP_ANALYSIS = YES;
				CLANG_WARN_STRICT_PROTOTYPES = YES;
				CLANG_WARN_SUSPICIOUS_MOVE = YES;
				CLANG_WARN_UNGUARDED_AVAILABILITY = YES_AGGRESSIVE;
				CLANG_WARN_UNREACHABLE_CODE = YES;
				CLANG_WARN__DUPLICATE_METHOD_MATCH = YES;
				CODE_SIGN_IDENTITY = "-";
				COPY_PHASE_STRIP = NO;
				DEBUG_INFORMATION_FORMAT = "dwarf-with-dsym";
				ENABLE_NS_ASSERTIONS = NO;
				ENABLE_STRICT_OBJC_MSGSEND = YES;
				GCC_C_LANGUAGE_STANDARD = gnu11;
				GCC_NO_COMMON_BLOCKS = YES;
				GCC_WARN_64_TO_32_BIT_CONVERSION = YES;
				GCC_WARN_ABOUT_RETURN_TYPE = YES_ERROR;
				GCC_WARN_UNDECLARED_SELECTOR = YES;
				GCC_WARN_UNINITIALIZED_AUTOS = YES_AGGRESSIVE;
				GCC_WARN_UNUSED_FUNCTION = YES;
				GCC_WARN_UNUSED_VARIABLE = YES;
				MACOSX_DEPLOYMENT_TARGET = 10.13;
				MTL_ENABLE_DEBUG_INFO = NO;
				SDKROOT = macosx;
				SWIFT_OPTIMIZATION_LEVEL = "-Owholemodule";
			};
			name = Release;
		};
		9B3D5AB820287A6A005E838B /* Debug */ = {
			isa = XCBuildConfiguration;
			buildSettings = {
				CODE_SIGN_STYLE = Automatic;
				PRODUCT_NAME = "$(TARGET_NAME)";
				SWIFT_VERSION = 4.0;
			};
			name = Debug;
		};
		9B3D5AB920287A6A005E838B /* Release */ = {
			isa = XCBuildConfiguration;
			buildSettings = {
				CODE_SIGN_STYLE = Automatic;
				PRODUCT_NAME = "$(TARGET_NAME)";
				SWIFT_VERSION = 4.0;
			};
			name = Release;
		};
/* End XCBuildConfiguration section */

/* Begin XCConfigurationList section */
		9B3D5AAB20287A6A005E838B /* Build configuration list for PBXProject "term project" */ = {
			isa = XCConfigurationList;
			buildConfigurations = (
				9B3D5AB520287A6A005E838B /* Debug */,
				9B3D5AB620287A6A005E838B /* Release */,
			);
			defaultConfigurationIsVisible = 0;
			defaultConfigurationName = Release;
		};
		9B3D5AB720287A6A005E838B /* Build configuration list for PBXNativeTarget "term project" */ = {
			isa = XCConfigurationList;
			buildConfigurations = (
				9B3D5AB820287A6A005E838B /* Debug */,
				9B3D5AB920287A6A005E838B /* Release */,
			);
			defaultConfigurationIsVisible = 0;
			defaultConfigurationName = Release;
		};
/* End XCConfigurationList section */
	};
	rootObject = 9B3D5AA820287A6A005E838B /* Project object */;
}
